// !$*UTF8*$!
{
	archiveVersion = 1;
	classes = {
	};
	objectVersion = 56;
	objects = {

/* Begin PBXBuildFile section */
		C50030A4298A1F5800C88646 /* WDBRemoveThreeAppLimitApp.swift in Sources */ = {isa = PBXBuildFile; fileRef = C50030A3298A1F5800C88646 /* WDBRemoveThreeAppLimitApp.swift */; };
		C50030A6298A1F5800C88646 /* ContentView.swift in Sources */ = {isa = PBXBuildFile; fileRef = C50030A5298A1F5800C88646 /* ContentView.swift */; };
		C50030A8298A1F5A00C88646 /* Assets.xcassets in Resources */ = {isa = PBXBuildFile; fileRef = C50030A7298A1F5A00C88646 /* Assets.xcassets */; };
		C50030AB298A1F5A00C88646 /* Preview Assets.xcassets in Resources */ = {isa = PBXBuildFile; fileRef = C50030AA298A1F5A00C88646 /* Preview Assets.xcassets */; };
		C50030B8298A1F9100C88646 /* grant_full_disk_access.m in Sources */ = {isa = PBXBuildFile; fileRef = C50030B3298A1F9000C88646 /* grant_full_disk_access.m */; };
		C50030B9298A1F9100C88646 /* helpers.m in Sources */ = {isa = PBXBuildFile; fileRef = C50030B6298A1F9100C88646 /* helpers.m */; };
		C50030BA298A1F9100C88646 /* vm_unaligned_copy_switch_race.c in Sources */ = {isa = PBXBuildFile; fileRef = C50030B7298A1F9100C88646 /* vm_unaligned_copy_switch_race.c */; };
/* End PBXBuildFile section */

/* Begin PBXFileReference section */
		C50030A0298A1F5800C88646 /* WDBRemoveThreeAppLimit.app */ = {isa = PBXFileReference; explicitFileType = wrapper.application; includeInIndex = 0; path = WDBRemoveThreeAppLimit.app; sourceTree = BUILT_PRODUCTS_DIR; };
		C50030A3298A1F5800C88646 /* WDBRemoveThreeAppLimitApp.swift */ = {isa = PBXFileReference; lastKnownFileType = sourcecode.swift; path = WDBRemoveThreeAppLimitApp.swift; sourceTree = "<group>"; };
		C50030A5298A1F5800C88646 /* ContentView.swift */ = {isa = PBXFileReference; lastKnownFileType = sourcecode.swift; path = ContentView.swift; sourceTree = "<group>"; };
		C50030A7298A1F5A00C88646 /* Assets.xcassets */ = {isa = PBXFileReference; lastKnownFileType = folder.assetcatalog; path = Assets.xcassets; sourceTree = "<group>"; };
		C50030AA298A1F5A00C88646 /* Preview Assets.xcassets */ = {isa = PBXFileReference; lastKnownFileType = folder.assetcatalog; path = "Preview Assets.xcassets"; sourceTree = "<group>"; };
		C50030B1298A1F9000C88646 /* WDBRemoveThreeAppLimit-Bridging-Header.h */ = {isa = PBXFileReference; lastKnownFileType = sourcecode.c.h; path = "WDBRemoveThreeAppLimit-Bridging-Header.h"; sourceTree = "<group>"; };
		C50030B2298A1F9000C88646 /* vm_unaligned_copy_switch_race.h */ = {isa = PBXFileReference; fileEncoding = 4; lastKnownFileType = sourcecode.c.h; path = vm_unaligned_copy_switch_race.h; sourceTree = "<group>"; };
		C50030B3298A1F9000C88646 /* grant_full_disk_access.m */ = {isa = PBXFileReference; fileEncoding = 4; lastKnownFileType = sourcecode.c.objc; path = grant_full_disk_access.m; sourceTree = "<group>"; };
		C50030B4298A1F9000C88646 /* helpers.h */ = {isa = PBXFileReference; fileEncoding = 4; lastKnownFileType = sourcecode.c.h; path = helpers.h; sourceTree = "<group>"; };
		C50030B5298A1F9100C88646 /* grant_full_disk_access.h */ = {isa = PBXFileReference; fileEncoding = 4; lastKnownFileType = sourcecode.c.h; path = grant_full_disk_access.h; sourceTree = "<group>"; };
		C50030B6298A1F9100C88646 /* helpers.m */ = {isa = PBXFileReference; fileEncoding = 4; lastKnownFileType = sourcecode.c.objc; path = helpers.m; sourceTree = "<group>"; };
		C50030B7298A1F9100C88646 /* vm_unaligned_copy_switch_race.c */ = {isa = PBXFileReference; fileEncoding = 4; lastKnownFileType = sourcecode.c.c; path = vm_unaligned_copy_switch_race.c; sourceTree = "<group>"; };
/* End PBXFileReference section */

/* Begin PBXFrameworksBuildPhase section */
		C500309D298A1F5800C88646 /* Frameworks */ = {
			isa = PBXFrameworksBuildPhase;
			buildActionMask = 2147483647;
			files = (
			);
			runOnlyForDeploymentPostprocessing = 0;
		};
/* End PBXFrameworksBuildPhase section */

/* Begin PBXGroup section */
		C5003097298A1F5800C88646 = {
			isa = PBXGroup;
			children = (
				C50030A2298A1F5800C88646 /* WDBRemoveThreeAppLimit */,
				C50030A1298A1F5800C88646 /* Products */,
			);
			sourceTree = "<group>";
		};
		C50030A1298A1F5800C88646 /* Products */ = {
			isa = PBXGroup;
			children = (
				C50030A0298A1F5800C88646 /* WDBRemoveThreeAppLimit.app */,
			);
			name = Products;
			sourceTree = "<group>";
		};
		C50030A2298A1F5800C88646 /* WDBRemoveThreeAppLimit */ = {
			isa = PBXGroup;
			children = (
				C50030A3298A1F5800C88646 /* WDBRemoveThreeAppLimitApp.swift */,
				C50030A5298A1F5800C88646 /* ContentView.swift */,
				C50030A7298A1F5A00C88646 /* Assets.xcassets */,
				C50030A9298A1F5A00C88646 /* Preview Content */,
				C50030B1298A1F9000C88646 /* WDBRemoveThreeAppLimit-Bridging-Header.h */,
				C50030B5298A1F9100C88646 /* grant_full_disk_access.h */,
				C50030B3298A1F9000C88646 /* grant_full_disk_access.m */,
				C50030B4298A1F9000C88646 /* helpers.h */,
				C50030B6298A1F9100C88646 /* helpers.m */,
				C50030B7298A1F9100C88646 /* vm_unaligned_copy_switch_race.c */,
				C50030B2298A1F9000C88646 /* vm_unaligned_copy_switch_race.h */,
			);
			path = WDBRemoveThreeAppLimit;
			sourceTree = "<group>";
		};
		C50030A9298A1F5A00C88646 /* Preview Content */ = {
			isa = PBXGroup;
			children = (
				C50030AA298A1F5A00C88646 /* Preview Assets.xcassets */,
			);
			path = "Preview Content";
			sourceTree = "<group>";
		};
/* End PBXGroup section */

/* Begin PBXNativeTarget section */
		C500309F298A1F5800C88646 /* WDBRemoveThreeAppLimit */ = {
			isa = PBXNativeTarget;
			buildConfigurationList = C50030AE298A1F5A00C88646 /* Build configuration list for PBXNativeTarget "WDBRemoveThreeAppLimit" */;
			buildPhases = (
				C500309C298A1F5800C88646 /* Sources */,
				C500309D298A1F5800C88646 /* Frameworks */,
				C500309E298A1F5800C88646 /* Resources */,
			);
			buildRules = (
			);
			dependencies = (
			);
			name = WDBRemoveThreeAppLimit;
			productName = WDBRemoveThreeAppLimit;
			productReference = C50030A0298A1F5800C88646 /* WDBRemoveThreeAppLimit.app */;
			productType = "com.apple.product-type.application";
		};
/* End PBXNativeTarget section */

/* Begin PBXProject section */
		C5003098298A1F5800C88646 /* Project object */ = {
			isa = PBXProject;
			attributes = {
				BuildIndependentTargetsInParallel = 1;
				LastSwiftUpdateCheck = 1420;
				LastUpgradeCheck = 1420;
				TargetAttributes = {
					C500309F298A1F5800C88646 = {
						CreatedOnToolsVersion = 14.2;
						LastSwiftMigration = 1420;
					};
				};
			};
			buildConfigurationList = C500309B298A1F5800C88646 /* Build configuration list for PBXProject "WDBRemoveThreeAppLimit" */;
			compatibilityVersion = "Xcode 14.0";
			developmentRegion = en;
			hasScannedForEncodings = 0;
			knownRegions = (
				en,
				Base,
			);
			mainGroup = C5003097298A1F5800C88646;
			productRefGroup = C50030A1298A1F5800C88646 /* Products */;
			projectDirPath = "";
			projectRoot = "";
			targets = (
				C500309F298A1F5800C88646 /* WDBRemoveThreeAppLimit */,
			);
		};
/* End PBXProject section */

/* Begin PBXResourcesBuildPhase section */
		C500309E298A1F5800C88646 /* Resources */ = {
			isa = PBXResourcesBuildPhase;
			buildActionMask = 2147483647;
			files = (
				C50030AB298A1F5A00C88646 /* Preview Assets.xcassets in Resources */,
				C50030A8298A1F5A00C88646 /* Assets.xcassets in Resources */,
			);
			runOnlyForDeploymentPostprocessing = 0;
		};
/* End PBXResourcesBuildPhase section */

/* Begin PBXSourcesBuildPhase section */
		C500309C298A1F5800C88646 /* Sources */ = {
			isa = PBXSourcesBuildPhase;
			buildActionMask = 2147483647;
			files = (
				C50030A6298A1F5800C88646 /* ContentView.swift in Sources */,
				C50030BA298A1F9100C88646 /* vm_unaligned_copy_switch_race.c in Sources */,
				C50030A4298A1F5800C88646 /* WDBRemoveThreeAppLimitApp.swift in Sources */,
				C50030B8298A1F9100C88646 /* grant_full_disk_access.m in Sources */,
				C50030B9298A1F9100C88646 /* helpers.m in Sources */,
			);
			runOnlyForDeploymentPostprocessing = 0;
		};
/* End PBXSourcesBuildPhase section */

/* Begin XCBuildConfiguration section */
		C50030AC298A1F5A00C88646 /* Debug */ = {
			isa = XCBuildConfiguration;
			buildSettings = {
				ALWAYS_SEARCH_USER_PATHS = NO;
				CLANG_ANALYZER_NONNULL = YES;
				CLANG_ANALYZER_NUMBER_OBJECT_CONVERSION = YES_AGGRESSIVE;
				CLANG_CXX_LANGUAGE_STANDARD = "gnu++20";
				CLANG_ENABLE_MODULES = YES;
				CLANG_ENABLE_OBJC_ARC = YES;
				CLANG_ENABLE_OBJC_WEAK = YES;
				CLANG_WARN_BLOCK_CAPTURE_AUTORELEASING = YES;
				CLANG_WARN_BOOL_CONVERSION = YES;
				CLANG_WARN_COMMA = YES;
				CLANG_WARN_CONSTANT_CONVERSION = YES;
				CLANG_WARN_DEPRECATED_OBJC_IMPLEMENTATIONS = YES;
				CLANG_WARN_DIRECT_OBJC_ISA_USAGE = YES_ERROR;
				CLANG_WARN_DOCUMENTATION_COMMENTS = YES;
				CLANG_WARN_EMPTY_BODY = YES;
				CLANG_WARN_ENUM_CONVERSION = YES;
				CLANG_WARN_INFINITE_RECURSION = YES;
				CLANG_WARN_INT_CONVERSION = YES;
				CLANG_WARN_NON_LITERAL_NULL_CONVERSION = YES;
				CLANG_WARN_OBJC_IMPLICIT_RETAIN_SELF = YES;
				CLANG_WARN_OBJC_LITERAL_CONVERSION = YES;
				CLANG_WARN_OBJC_ROOT_CLASS = YES_ERROR;
				CLANG_WARN_QUOTED_INCLUDE_IN_FRAMEWORK_HEADER = YES;
				CLANG_WARN_RANGE_LOOP_ANALYSIS = YES;
				CLANG_WARN_STRICT_PROTOTYPES = YES;
				CLANG_WARN_SUSPICIOUS_MOVE = YES;
				CLANG_WARN_UNGUARDED_AVAILABILITY = YES_AGGRESSIVE;
				CLANG_WARN_UNREACHABLE_CODE = YES;
				CLANG_WARN__DUPLICATE_METHOD_MATCH = YES;
				COPY_PHASE_STRIP = NO;
				DEBUG_INFORMATION_FORMAT = dwarf;
				ENABLE_STRICT_OBJC_MSGSEND = YES;
				ENABLE_TESTABILITY = YES;
				GCC_C_LANGUAGE_STANDARD = gnu11;
				GCC_DYNAMIC_NO_PIC = NO;
				GCC_NO_COMMON_BLOCKS = YES;
				GCC_OPTIMIZATION_LEVEL = 0;
				GCC_PREPROCESSOR_DEFINITIONS = (
					"DEBUG=1",
					"$(inherited)",
				);
				GCC_WARN_64_TO_32_BIT_CONVERSION = YES;
				GCC_WARN_ABOUT_RETURN_TYPE = YES_ERROR;
				GCC_WARN_UNDECLARED_SELECTOR = YES;
				GCC_WARN_UNINITIALIZED_AUTOS = YES_AGGRESSIVE;
				GCC_WARN_UNUSED_FUNCTION = YES;
				GCC_WARN_UNUSED_VARIABLE = YES;
				IPHONEOS_DEPLOYMENT_TARGET = 16.2;
				MTL_ENABLE_DEBUG_INFO = INCLUDE_SOURCE;
				MTL_FAST_MATH = YES;
				ONLY_ACTIVE_ARCH = YES;
				SDKROOT = iphoneos;
				SWIFT_ACTIVE_COMPILATION_CONDITIONS = DEBUG;
				SWIFT_OPTIMIZATION_LEVEL = "-Onone";
			};
			name = Debug;
		};
		C50030AD298A1F5A00C88646 /* Release */ = {
			isa = XCBuildConfiguration;
			buildSettings = {
				ALWAYS_SEARCH_USER_PATHS = NO;
				CLANG_ANALYZER_NONNULL = YES;
				CLANG_ANALYZER_NUMBER_OBJECT_CONVERSION = YES_AGGRESSIVE;
				CLANG_CXX_LANGUAGE_STANDARD = "gnu++20";
				CLANG_ENABLE_MODULES = YES;
				CLANG_ENABLE_OBJC_ARC = YES;
				CLANG_ENABLE_OBJC_WEAK = YES;
				CLANG_WARN_BLOCK_CAPTURE_AUTORELEASING = YES;
				CLANG_WARN_BOOL_CONVERSION = YES;
				CLANG_WARN_COMMA = YES;
				CLANG_WARN_CONSTANT_CONVERSION = YES;
				CLANG_WARN_DEPRECATED_OBJC_IMPLEMENTATIONS = YES;
				CLANG_WARN_DIRECT_OBJC_ISA_USAGE = YES_ERROR;
				CLANG_WARN_DOCUMENTATION_COMMENTS = YES;
				CLANG_WARN_EMPTY_BODY = YES;
				CLANG_WARN_ENUM_CONVERSION = YES;
				CLANG_WARN_INFINITE_RECURSION = YES;
				CLANG_WARN_INT_CONVERSION = YES;
				CLANG_WARN_NON_LITERAL_NULL_CONVERSION = YES;
				CLANG_WARN_OBJC_IMPLICIT_RETAIN_SELF = YES;
				CLANG_WARN_OBJC_LITERAL_CONVERSION = YES;
				CLANG_WARN_OBJC_ROOT_CLASS = YES_ERROR;
				CLANG_WARN_QUOTED_INCLUDE_IN_FRAMEWORK_HEADER = YES;
				CLANG_WARN_RANGE_LOOP_ANALYSIS = YES;
				CLANG_WARN_STRICT_PROTOTYPES = YES;
				CLANG_WARN_SUSPICIOUS_MOVE = YES;
				CLANG_WARN_UNGUARDED_AVAILABILITY = YES_AGGRESSIVE;
				CLANG_WARN_UNREACHABLE_CODE = YES;
				CLANG_WARN__DUPLICATE_METHOD_MATCH = YES;
				COPY_PHASE_STRIP = NO;
				DEBUG_INFORMATION_FORMAT = "dwarf-with-dsym";
				ENABLE_NS_ASSERTIONS = NO;
				ENABLE_STRICT_OBJC_MSGSEND = YES;
				GCC_C_LANGUAGE_STANDARD = gnu11;
				GCC_NO_COMMON_BLOCKS = YES;
				GCC_WARN_64_TO_32_BIT_CONVERSION = YES;
				GCC_WARN_ABOUT_RETURN_TYPE = YES_ERROR;
				GCC_WARN_UNDECLARED_SELECTOR = YES;
				GCC_WARN_UNINITIALIZED_AUTOS = YES_AGGRESSIVE;
				GCC_WARN_UNUSED_FUNCTION = YES;
				GCC_WARN_UNUSED_VARIABLE = YES;
				IPHONEOS_DEPLOYMENT_TARGET = 16.2;
				MTL_ENABLE_DEBUG_INFO = NO;
				MTL_FAST_MATH = YES;
				SDKROOT = iphoneos;
				SWIFT_COMPILATION_MODE = wholemodule;
				SWIFT_OPTIMIZATION_LEVEL = "-O";
				VALIDATE_PRODUCT = YES;
			};
			name = Release;
		};
		C50030AF298A1F5A00C88646 /* Debug */ = {
			isa = XCBuildConfiguration;
			buildSettings = {
				ASSETCATALOG_COMPILER_APPICON_NAME = AppIcon;
				ASSETCATALOG_COMPILER_GLOBAL_ACCENT_COLOR_NAME = AccentColor;
				CLANG_ENABLE_MODULES = YES;
				CODE_SIGN_STYLE = Automatic;
				CURRENT_PROJECT_VERSION = 1;
				DEVELOPMENT_ASSET_PATHS = "\"WDBRemoveThreeAppLimit/Preview Content\"";
				DEVELOPMENT_TEAM = 3D7RY4393N;
				ENABLE_PREVIEWS = YES;
				GENERATE_INFOPLIST_FILE = YES;
				INFOPLIST_KEY_NSAppleMusicUsageDescription = "Full access to files on your device is required to apply tweaks.";
				INFOPLIST_KEY_UIApplicationSceneManifest_Generation = YES;
				INFOPLIST_KEY_UIApplicationSupportsIndirectInputEvents = YES;
				INFOPLIST_KEY_UILaunchScreen_Generation = YES;
				INFOPLIST_KEY_UISupportedInterfaceOrientations_iPad = "UIInterfaceOrientationPortrait UIInterfaceOrientationPortraitUpsideDown UIInterfaceOrientationLandscapeLeft UIInterfaceOrientationLandscapeRight";
				INFOPLIST_KEY_UISupportedInterfaceOrientations_iPhone = "UIInterfaceOrientationPortrait UIInterfaceOrientationLandscapeLeft UIInterfaceOrientationLandscapeRight";
				IPHONEOS_DEPLOYMENT_TARGET = 15.0;
				LD_RUNPATH_SEARCH_PATHS = (
					"$(inherited)",
					"@executable_path/Frameworks",
				);
				MARKETING_VERSION = 1.0;
				PRODUCT_BUNDLE_IDENTIFIER = com.worthdoingbadly.WDBRemoveThreeAppLimit;
				PRODUCT_NAME = "$(TARGET_NAME)";
				SWIFT_EMIT_LOC_STRINGS = YES;
				SWIFT_OBJC_BRIDGING_HEADER = "WDBRemoveThreeAppLimit/WDBRemoveThreeAppLimit-Bridging-Header.h";
				SWIFT_OPTIMIZATION_LEVEL = "-Onone";
				SWIFT_VERSION = 5.0;
				TARGETED_DEVICE_FAMILY = "1,2";
			};
			name = Debug;
		};
		C50030B0298A1F5A00C88646 /* Release */ = {
			isa = XCBuildConfiguration;
			buildSettings = {
				ASSETCATALOG_COMPILER_APPICON_NAME = AppIcon;
				ASSETCATALOG_COMPILER_GLOBAL_ACCENT_COLOR_NAME = AccentColor;
				CLANG_ENABLE_MODULES = YES;
				CODE_SIGN_STYLE = Automatic;
				CURRENT_PROJECT_VERSION = 1;
				DEVELOPMENT_ASSET_PATHS = "\"WDBRemoveThreeAppLimit/Preview Content\"";
				DEVELOPMENT_TEAM = 3D7RY4393N;
				ENABLE_PREVIEWS = YES;
				GENERATE_INFOPLIST_FILE = YES;
				INFOPLIST_KEY_NSAppleMusicUsageDescription = "Full access to files on your device is required to apply tweaks.";
				INFOPLIST_KEY_UIApplicationSceneManifest_Generation = YES;
				INFOPLIST_KEY_UIApplicationSupportsIndirectInputEvents = YES;
				INFOPLIST_KEY_UILaunchScreen_Generation = YES;
				INFOPLIST_KEY_UISupportedInterfaceOrientations_iPad = "UIInterfaceOrientationPortrait UIInterfaceOrientationPortraitUpsideDown UIInterfaceOrientationLandscapeLeft UIInterfaceOrientationLandscapeRight";
				INFOPLIST_KEY_UISupportedInterfaceOrientations_iPhone = "UIInterfaceOrientationPortrait UIInterfaceOrientationLandscapeLeft UIInterfaceOrientationLandscapeRight";
				IPHONEOS_DEPLOYMENT_TARGET = 15.0;
				LD_RUNPATH_SEARCH_PATHS = (
					"$(inherited)",
					"@executable_path/Frameworks",
				);
				MARKETING_VERSION = 1.0;
				PRODUCT_BUNDLE_IDENTIFIER = com.worthdoingbadly.WDBRemoveThreeAppLimit;
				PRODUCT_NAME = "$(TARGET_NAME)";
				SWIFT_EMIT_LOC_STRINGS = YES;
				SWIFT_OBJC_BRIDGING_HEADER = "WDBRemoveThreeAppLimit/WDBRemoveThreeAppLimit-Bridging-Header.h";
				SWIFT_VERSION = 5.0;
				TARGETED_DEVICE_FAMILY = "1,2";
			};
			name = Release;
		};
/* End XCBuildConfiguration section */

/* Begin XCConfigurationList section */
		C500309B298A1F5800C88646 /* Build configuration list for PBXProject "WDBRemoveThreeAppLimit" */ = {
			isa = XCConfigurationList;
			buildConfigurations = (
				C50030AC298A1F5A00C88646 /* Debug */,
				C50030AD298A1F5A00C88646 /* Release */,
			);
			defaultConfigurationIsVisible = 0;
			defaultConfigurationName = Release;
		};
		C50030AE298A1F5A00C88646 /* Build configuration list for PBXNativeTarget "WDBRemoveThreeAppLimit" */ = {
			isa = XCConfigurationList;
			buildConfigurations = (
				C50030AF298A1F5A00C88646 /* Debug */,
				C50030B0298A1F5A00C88646 /* Release */,
			);
			defaultConfigurationIsVisible = 0;
			defaultConfigurationName = Release;
		};
/* End XCConfigurationList section */
	};
	rootObject = C5003098298A1F5800C88646 /* Project object */;
}
